
Microsoft Visual Studio Solution File, Format Version 11.00
# Visual Studio 2010
Project("{FAE04EC0-301F-11D3-BF4B-00C04F79EFBC}") = "Sample.Data.Access", "Src\Sample.Data.Access\Sample.Data.Access.csproj", "{6F7F8333-F9A8-403A-95BC-10E18F43A18F}"
EndProject
Project("{FAE04EC0-301F-11D3-BF4B-00C04F79EFBC}") = "Sample.Domain.Model", "Src\Sample.Domain.Model\Sample.Domain.Model.csproj", "{3E5A9272-10B2-4CD5-969B-58CB5FC4A44F}"
EndProject
Project("{FAE04EC0-301F-11D3-BF4B-00C04F79EFBC}") = "Sample.Domain.Services", "Src\Sample.Domain.Services\Sample.Domain.Services.csproj", "{46093F18-D0F7-46A4-AC7A-F9D631530D15}"
EndProject
Project("{FAE04EC0-301F-11D3-BF4B-00C04F79EFBC}") = "Sample.UI.Web", "Src\Sample.UI.Web\Sample.UI.Web.csproj", "{F5FFCE7C-CFD5-4B2D-AD16-34E98D0198F4}"
EndProject
Project("{FAE04EC0-301F-11D3-BF4B-00C04F79EFBC}") = "Sample.Acceptance", "Src\Sample.Acceptance\Sample.Acceptance.csproj", "{6E8590D9-FEA3-4EBC-BFEF-E6AE214BFF14}"
EndProject
Project("{FAE04EC0-301F-11D3-BF4B-00C04F79EFBC}") = "Sample.Configuration", "Src\Sample.Configuration\Sample.Configuration.csproj", "{256B7B7D-F850-48BB-B0A9-4B5248429FCF}"
EndProject
Global
	GlobalSection(SolutionConfigurationPlatforms) = preSolution
		Browser_Tests|Any CPU = Browser_Tests|Any CPU
		Debug|Any CPU = Debug|Any CPU
		Release|Any CPU = Release|Any CPU
		UI_Tests|Any CPU = UI_Tests|Any CPU
	EndGlobalSection
	GlobalSection(ProjectConfigurationPlatforms) = postSolution
		{6F7F8333-F9A8-403A-95BC-10E18F43A18F}.Browser_Tests|Any CPU.ActiveCfg = Browser_Tests|Any CPU
		{6F7F8333-F9A8-403A-95BC-10E18F43A18F}.Browser_Tests|Any CPU.Build.0 = Browser_Tests|Any CPU
		{6F7F8333-F9A8-403A-95BC-10E18F43A18F}.Debug|Any CPU.ActiveCfg = Debug|Any CPU
		{6F7F8333-F9A8-403A-95BC-10E18F43A18F}.Debug|Any CPU.Build.0 = Debug|Any CPU
		{6F7F8333-F9A8-403A-95BC-10E18F43A18F}.Release|Any CPU.ActiveCfg = Release|Any CPU
		{6F7F8333-F9A8-403A-95BC-10E18F43A18F}.Release|Any CPU.Build.0 = Release|Any CPU
		{6F7F8333-F9A8-403A-95BC-10E18F43A18F}.UI_Tests|Any CPU.ActiveCfg = UI_Tests|Any CPU
		{6F7F8333-F9A8-403A-95BC-10E18F43A18F}.UI_Tests|Any CPU.Build.0 = UI_Tests|Any CPU
		{3E5A9272-10B2-4CD5-969B-58CB5FC4A44F}.Browser_Tests|Any CPU.ActiveCfg = Browser_Tests|Any CPU
		{3E5A9272-10B2-4CD5-969B-58CB5FC4A44F}.Browser_Tests|Any CPU.Build.0 = Browser_Tests|Any CPU
		{3E5A9272-10B2-4CD5-969B-58CB5FC4A44F}.Debug|Any CPU.ActiveCfg = Debug|Any CPU
		{3E5A9272-10B2-4CD5-969B-58CB5FC4A44F}.Debug|Any CPU.Build.0 = Debug|Any CPU
		{3E5A9272-10B2-4CD5-969B-58CB5FC4A44F}.Release|Any CPU.ActiveCfg = Release|Any CPU
		{3E5A9272-10B2-4CD5-969B-58CB5FC4A44F}.Release|Any CPU.Build.0 = Release|Any CPU
		{3E5A9272-10B2-4CD5-969B-58CB5FC4A44F}.UI_Tests|Any CPU.ActiveCfg = UI_Tests|Any CPU
		{3E5A9272-10B2-4CD5-969B-58CB5FC4A44F}.UI_Tests|Any CPU.Build.0 = UI_Tests|Any CPU
		{46093F18-D0F7-46A4-AC7A-F9D631530D15}.Browser_Tests|Any CPU.ActiveCfg = Browser_Tests|Any CPU
		{46093F18-D0F7-46A4-AC7A-F9D631530D15}.Browser_Tests|Any CPU.Build.0 = Browser_Tests|Any CPU
		{46093F18-D0F7-46A4-AC7A-F9D631530D15}.Debug|Any CPU.ActiveCfg = Debug|Any CPU
		{46093F18-D0F7-46A4-AC7A-F9D631530D15}.Debug|Any CPU.Build.0 = Debug|Any CPU
		{46093F18-D0F7-46A4-AC7A-F9D631530D15}.Release|Any CPU.ActiveCfg = Release|Any CPU
		{46093F18-D0F7-46A4-AC7A-F9D631530D15}.Release|Any CPU.Build.0 = Release|Any CPU
		{46093F18-D0F7-46A4-AC7A-F9D631530D15}.UI_Tests|Any CPU.ActiveCfg = UI_Tests|Any CPU
		{46093F18-D0F7-46A4-AC7A-F9D631530D15}.UI_Tests|Any CPU.Build.0 = UI_Tests|Any CPU
		{F5FFCE7C-CFD5-4B2D-AD16-34E98D0198F4}.Browser_Tests|Any CPU.ActiveCfg = Browser_Tests|Any CPU
		{F5FFCE7C-CFD5-4B2D-AD16-34E98D0198F4}.Browser_Tests|Any CPU.Build.0 = Browser_Tests|Any CPU
		{F5FFCE7C-CFD5-4B2D-AD16-34E98D0198F4}.Debug|Any CPU.ActiveCfg = Debug|Any CPU
		{F5FFCE7C-CFD5-4B2D-AD16-34E98D0198F4}.Debug|Any CPU.Build.0 = Debug|Any CPU
		{F5FFCE7C-CFD5-4B2D-AD16-34E98D0198F4}.Release|Any CPU.ActiveCfg = Release|Any CPU
		{F5FFCE7C-CFD5-4B2D-AD16-34E98D0198F4}.Release|Any CPU.Build.0 = Release|Any CPU
		{F5FFCE7C-CFD5-4B2D-AD16-34E98D0198F4}.UI_Tests|Any CPU.ActiveCfg = UI_Tests|Any CPU
		{F5FFCE7C-CFD5-4B2D-AD16-34E98D0198F4}.UI_Tests|Any CPU.Build.0 = UI_Tests|Any CPU
		{6E8590D9-FEA3-4EBC-BFEF-E6AE214BFF14}.Browser_Tests|Any CPU.ActiveCfg = Browser_Tests|Any CPU
		{6E8590D9-FEA3-4EBC-BFEF-E6AE214BFF14}.Browser_Tests|Any CPU.Build.0 = Browser_Tests|Any CPU
		{6E8590D9-FEA3-4EBC-BFEF-E6AE214BFF14}.Debug|Any CPU.ActiveCfg = Debug|Any CPU
		{6E8590D9-FEA3-4EBC-BFEF-E6AE214BFF14}.Debug|Any CPU.Build.0 = Debug|Any CPU
		{6E8590D9-FEA3-4EBC-BFEF-E6AE214BFF14}.Release|Any CPU.ActiveCfg = Release|Any CPU
		{6E8590D9-FEA3-4EBC-BFEF-E6AE214BFF14}.Release|Any CPU.Build.0 = Release|Any CPU
		{6E8590D9-FEA3-4EBC-BFEF-E6AE214BFF14}.UI_Tests|Any CPU.ActiveCfg = Browser_Tests|Any CPU
		{6E8590D9-FEA3-4EBC-BFEF-E6AE214BFF14}.UI_Tests|Any CPU.Build.0 = Browser_Tests|Any CPU
		{256B7B7D-F850-48BB-B0A9-4B5248429FCF}.Browser_Tests|Any CPU.ActiveCfg = Browser_Tests|Any CPU
		{256B7B7D-F850-48BB-B0A9-4B5248429FCF}.Browser_Tests|Any CPU.Build.0 = Browser_Tests|Any CPU
		{256B7B7D-F850-48BB-B0A9-4B5248429FCF}.Debug|Any CPU.ActiveCfg = Debug|Any CPU
		{256B7B7D-F850-48BB-B0A9-4B5248429FCF}.Debug|Any CPU.Build.0 = Debug|Any CPU
		{256B7B7D-F850-48BB-B0A9-4B5248429FCF}.Release|Any CPU.ActiveCfg = Release|Any CPU
		{256B7B7D-F850-48BB-B0A9-4B5248429FCF}.Release|Any CPU.Build.0 = Release|Any CPU
		{256B7B7D-F850-48BB-B0A9-4B5248429FCF}.UI_Tests|Any CPU.ActiveCfg = UI_Tests|Any CPU
		{256B7B7D-F850-48BB-B0A9-4B5248429FCF}.UI_Tests|Any CPU.Build.0 = UI_Tests|Any CPU
	EndGlobalSection
	GlobalSection(SolutionProperties) = preSolution
		HideSolutionNode = FALSE
	EndGlobalSection
EndGlobal
